// !$*UTF8*$!
{
	archiveVersion = 1;
	classes = {
	};
	objectVersion = 51;
	objects = {

/* Begin PBXBuildFile section */
		4A2F74FD28266D0F00F5E9A0 /* RegistrationViewController.swift in Sources */ = {isa = PBXBuildFile; fileRef = 4A2F74FC28266D0F00F5E9A0 /* RegistrationViewController.swift */; };
		4A2F7504282908D100F5E9A0 /* Dictionary.swift in Sources */ = {isa = PBXBuildFile; fileRef = 4A2F7503282908D100F5E9A0 /* Dictionary.swift */; };
		4A2F7506282908FA00F5E9A0 /* CharacterSet.swift in Sources */ = {isa = PBXBuildFile; fileRef = 4A2F7505282908FA00F5E9A0 /* CharacterSet.swift */; };
		4A2F750828292E9F00F5E9A0 /* CoreDataManager.swift in Sources */ = {isa = PBXBuildFile; fileRef = 4A2F750728292E9F00F5E9A0 /* CoreDataManager.swift */; };
		4A2F750C282A705200F5E9A0 /* ProfileViewController.swift in Sources */ = {isa = PBXBuildFile; fileRef = 4A2F750B282A705200F5E9A0 /* ProfileViewController.swift */; };
		4A2F750E282A70A400F5E9A0 /* ChatsViewController.swift in Sources */ = {isa = PBXBuildFile; fileRef = 4A2F750D282A70A400F5E9A0 /* ChatsViewController.swift */; };
		4A2F7510282A923000F5E9A0 /* TabBarController.swift in Sources */ = {isa = PBXBuildFile; fileRef = 4A2F750F282A923000F5E9A0 /* TabBarController.swift */; };
		4A2F7517282BE5C200F5E9A0 /* SettingsTableViewCell.swift in Sources */ = {isa = PBXBuildFile; fileRef = 4A2F7515282BE5C200F5E9A0 /* SettingsTableViewCell.swift */; };
		4A2F7518282BE5C200F5E9A0 /* SettingsTableViewCell.xib in Resources */ = {isa = PBXBuildFile; fileRef = 4A2F7516282BE5C200F5E9A0 /* SettingsTableViewCell.xib */; };
		4A2F751A282C1ECA00F5E9A0 /* LanguageViewController.swift in Sources */ = {isa = PBXBuildFile; fileRef = 4A2F7519282C1ECA00F5E9A0 /* LanguageViewController.swift */; };
		4A2F751C282C1F0200F5E9A0 /* EditNameViewController.swift in Sources */ = {isa = PBXBuildFile; fileRef = 4A2F751B282C1F0200F5E9A0 /* EditNameViewController.swift */; };
		4A2F7520282C271700F5E9A0 /* LanguageTableViewCell.swift in Sources */ = {isa = PBXBuildFile; fileRef = 4A2F751E282C271700F5E9A0 /* LanguageTableViewCell.swift */; };
		4A2F7521282C271700F5E9A0 /* LanguageTableViewCell.xib in Resources */ = {isa = PBXBuildFile; fileRef = 4A2F751F282C271700F5E9A0 /* LanguageTableViewCell.xib */; };
		4A2F7523282CEEA800F5E9A0 /* EditImageViewController.swift in Sources */ = {isa = PBXBuildFile; fileRef = 4A2F7522282CEEA700F5E9A0 /* EditImageViewController.swift */; };
		4A2F7525282CF3E600F5E9A0 /* Settings.swift in Sources */ = {isa = PBXBuildFile; fileRef = 4A2F7524282CF3E600F5E9A0 /* Settings.swift */; };
		4A2F7528282D087900F5E9A0 /* ImagePickerManager.swift in Sources */ = {isa = PBXBuildFile; fileRef = 4A2F7527282D087900F5E9A0 /* ImagePickerManager.swift */; };
		4A3659B3282D5E7E00B6FD5E /* GoogleService-Info.plist in Resources */ = {isa = PBXBuildFile; fileRef = 4A3659B2282D5E7E00B6FD5E /* GoogleService-Info.plist */; };
		4A3659B5282D6A2400B6FD5E /* FirebaseDatabaseManager.swift in Sources */ = {isa = PBXBuildFile; fileRef = 4A3659B4282D6A2400B6FD5E /* FirebaseDatabaseManager.swift */; };
		4A3659B7282D7EA400B6FD5E /* LoadingViewController.swift in Sources */ = {isa = PBXBuildFile; fileRef = 4A3659B6282D7EA400B6FD5E /* LoadingViewController.swift */; };
		4A3659BA282FABB700B6FD5E /* SearchViewController.swift in Sources */ = {isa = PBXBuildFile; fileRef = 4A3659B9282FABB700B6FD5E /* SearchViewController.swift */; };
		4A3659C0282FB86000B6FD5E /* SearchTableViewCell.swift in Sources */ = {isa = PBXBuildFile; fileRef = 4A3659BE282FB86000B6FD5E /* SearchTableViewCell.swift */; };
		4A3659C1282FB86000B6FD5E /* SearchTableViewCell.xib in Resources */ = {isa = PBXBuildFile; fileRef = 4A3659BF282FB86000B6FD5E /* SearchTableViewCell.xib */; };
		4A3659C3282FC0F800B6FD5E /* Group.swift in Sources */ = {isa = PBXBuildFile; fileRef = 4A3659C2282FC0F800B6FD5E /* Group.swift */; };
		4A3659C5282FC66500B6FD5E /* GroupPopup.swift in Sources */ = {isa = PBXBuildFile; fileRef = 4A3659C4282FC66500B6FD5E /* GroupPopup.swift */; };
		4A3659C8282FE43800B6FD5E /* cities-en.json in Resources */ = {isa = PBXBuildFile; fileRef = 4A3659C6282FE43700B6FD5E /* cities-en.json */; };
		4A3659C9282FE43800B6FD5E /* cities-uk.json in Resources */ = {isa = PBXBuildFile; fileRef = 4A3659C7282FE43800B6FD5E /* cities-uk.json */; };
		4A3659CB282FE7CE00B6FD5E /* CreateGroupViewController.swift in Sources */ = {isa = PBXBuildFile; fileRef = 4A3659CA282FE7CE00B6FD5E /* CreateGroupViewController.swift */; };
		4A3659CD282FE80D00B6FD5E /* CityViewController.swift in Sources */ = {isa = PBXBuildFile; fileRef = 4A3659CC282FE80D00B6FD5E /* CityViewController.swift */; };
		4A3659D02830079800B6FD5E /* City.swift in Sources */ = {isa = PBXBuildFile; fileRef = 4A3659CF2830079800B6FD5E /* City.swift */; };
		4A3659D22830E1B700B6FD5E /* StreetViewController.swift in Sources */ = {isa = PBXBuildFile; fileRef = 4A3659D12830E1B700B6FD5E /* StreetViewController.swift */; };
		4A3659D628322E0500B6FD5E /* GroupTableViewCell.swift in Sources */ = {isa = PBXBuildFile; fileRef = 4A3659D428322E0500B6FD5E /* GroupTableViewCell.swift */; };
		4A3659D728322E0500B6FD5E /* GroupTableViewCell.xib in Resources */ = {isa = PBXBuildFile; fileRef = 4A3659D528322E0500B6FD5E /* GroupTableViewCell.xib */; };
		4A3659D9283270B300B6FD5E /* ChatViewController.swift in Sources */ = {isa = PBXBuildFile; fileRef = 4A3659D8283270B300B6FD5E /* ChatViewController.swift */; };
		4A3659DE28328B0D00B6FD5E /* OutgoingMessageTableViewCell.swift in Sources */ = {isa = PBXBuildFile; fileRef = 4A3659DC28328B0D00B6FD5E /* OutgoingMessageTableViewCell.swift */; };
		4A3659DF28328B0D00B6FD5E /* OutgoingMessageTableViewCell.xib in Resources */ = {isa = PBXBuildFile; fileRef = 4A3659DD28328B0D00B6FD5E /* OutgoingMessageTableViewCell.xib */; };
		4A3659E228328B1D00B6FD5E /* IncomingMessageTableViewCell.swift in Sources */ = {isa = PBXBuildFile; fileRef = 4A3659E028328B1D00B6FD5E /* IncomingMessageTableViewCell.swift */; };
		4A3659E328328B1D00B6FD5E /* IncomingMessageTableViewCell.xib in Resources */ = {isa = PBXBuildFile; fileRef = 4A3659E128328B1D00B6FD5E /* IncomingMessageTableViewCell.xib */; };
		4A3659E52832CF0000B6FD5E /* Message.swift in Sources */ = {isa = PBXBuildFile; fileRef = 4A3659E42832CEFF00B6FD5E /* Message.swift */; };
		4A49D29427F2F1BB00805FE5 /* SecondaryButton.swift in Sources */ = {isa = PBXBuildFile; fileRef = 4A49D29327F2F1BB00805FE5 /* SecondaryButton.swift */; };
		4A7BD7C227D77919001D73D8 /* OnboardingViewController.swift in Sources */ = {isa = PBXBuildFile; fileRef = 4A7BD7C127D77919001D73D8 /* OnboardingViewController.swift */; };
		4A7BD7C427D8DA0C001D73D8 /* MainButton.swift in Sources */ = {isa = PBXBuildFile; fileRef = 4A7BD7C327D8DA0C001D73D8 /* MainButton.swift */; };
		4A7BD7D227D8DDEF001D73D8 /* CircularStd-Bold.ttf in Resources */ = {isa = PBXBuildFile; fileRef = 4A7BD7CA27D8DDEF001D73D8 /* CircularStd-Bold.ttf */; };
		4A7BD7D327D8DDEF001D73D8 /* CircularStd-Black.ttf in Resources */ = {isa = PBXBuildFile; fileRef = 4A7BD7CB27D8DDEF001D73D8 /* CircularStd-Black.ttf */; };
		4A7BD7D527D8DDEF001D73D8 /* CircularStd-Book.ttf in Resources */ = {isa = PBXBuildFile; fileRef = 4A7BD7CD27D8DDEF001D73D8 /* CircularStd-Book.ttf */; };
		4A7BD7D627D8DDEF001D73D8 /* CircularStd-Medium.ttf in Resources */ = {isa = PBXBuildFile; fileRef = 4A7BD7CE27D8DDEF001D73D8 /* CircularStd-Medium.ttf */; };
		4A7BD7DC27D8DE2D001D73D8 /* AvenirLTStd-Black.otf in Resources */ = {isa = PBXBuildFile; fileRef = 4A7BD7D927D8DE2C001D73D8 /* AvenirLTStd-Black.otf */; };
		4A7BD7DD27D8DE2D001D73D8 /* AvenirLTStd-Book.otf in Resources */ = {isa = PBXBuildFile; fileRef = 4A7BD7DA27D8DE2D001D73D8 /* AvenirLTStd-Book.otf */; };
		4A7BD7DE27D8DE2D001D73D8 /* AvenirLTStd-Roman.otf in Resources */ = {isa = PBXBuildFile; fileRef = 4A7BD7DB27D8DE2D001D73D8 /* AvenirLTStd-Roman.otf */; };
		4A7BD7E027D8E547001D73D8 /* Authorization.swift in Sources */ = {isa = PBXBuildFile; fileRef = 4A7BD7DF27D8E547001D73D8 /* Authorization.swift */; };
		4AC2580227D917E500F18112 /* OnboardingCollectionViewCell.swift in Sources */ = {isa = PBXBuildFile; fileRef = 4AC2580027D917E500F18112 /* OnboardingCollectionViewCell.swift */; };
		4AC2580327D917E500F18112 /* OnboardingCollectionViewCell.xib in Resources */ = {isa = PBXBuildFile; fileRef = 4AC2580127D917E500F18112 /* OnboardingCollectionViewCell.xib */; };
		4AC2580527D91A8C00F18112 /* Onboarding.swift in Sources */ = {isa = PBXBuildFile; fileRef = 4AC2580427D91A8C00F18112 /* Onboarding.swift */; };
		4ADD2A4227CFA146001F143C /* AppDelegate.swift in Sources */ = {isa = PBXBuildFile; fileRef = 4ADD2A4127CFA146001F143C /* AppDelegate.swift */; };
		4ADD2A4427CFA146001F143C /* SceneDelegate.swift in Sources */ = {isa = PBXBuildFile; fileRef = 4ADD2A4327CFA146001F143C /* SceneDelegate.swift */; };
		4ADD2A4627CFA146001F143C /* MainViewController.swift in Sources */ = {isa = PBXBuildFile; fileRef = 4ADD2A4527CFA146001F143C /* MainViewController.swift */; };
		4ADD2A4927CFA146001F143C /* Main.storyboard in Resources */ = {isa = PBXBuildFile; fileRef = 4ADD2A4727CFA146001F143C /* Main.storyboard */; };
		4ADD2A4B27CFA147001F143C /* Assets.xcassets in Resources */ = {isa = PBXBuildFile; fileRef = 4ADD2A4A27CFA147001F143C /* Assets.xcassets */; };
		4ADD2A4E27CFA147001F143C /* LaunchScreen.storyboard in Resources */ = {isa = PBXBuildFile; fileRef = 4ADD2A4C27CFA147001F143C /* LaunchScreen.storyboard */; };
		4ADD2A5C27D0B5F6001F143C /* UIButton.swift in Sources */ = {isa = PBXBuildFile; fileRef = 4ADD2A5B27D0B5F6001F143C /* UIButton.swift */; };
		4ADD2A5F27D0B638001F143C /* Util.swift in Sources */ = {isa = PBXBuildFile; fileRef = 4ADD2A5E27D0B638001F143C /* Util.swift */; };
		4ADD2A6127D0B724001F143C /* UICollectionView.swift in Sources */ = {isa = PBXBuildFile; fileRef = 4ADD2A6027D0B724001F143C /* UICollectionView.swift */; };
		4ADD2A6427D0B752001F143C /* Storyboards.swift in Sources */ = {isa = PBXBuildFile; fileRef = 4ADD2A6327D0B752001F143C /* Storyboards.swift */; };
		4ADD2A6627D0B767001F143C /* Main.swift in Sources */ = {isa = PBXBuildFile; fileRef = 4ADD2A6527D0B767001F143C /* Main.swift */; };
		4ADD2A6827D0B77B001F143C /* Popup.swift in Sources */ = {isa = PBXBuildFile; fileRef = 4ADD2A6727D0B77B001F143C /* Popup.swift */; };
		4ADD2A6A27D0B79E001F143C /* Cells.swift in Sources */ = {isa = PBXBuildFile; fileRef = 4ADD2A6927D0B79E001F143C /* Cells.swift */; };
		4ADD2A6C27D0B7DA001F143C /* Constants.swift in Sources */ = {isa = PBXBuildFile; fileRef = 4ADD2A6B27D0B7DA001F143C /* Constants.swift */; };
		4ADD2A6F27D0B90A001F143C /* UIColor.swift in Sources */ = {isa = PBXBuildFile; fileRef = 4ADD2A6E27D0B90A001F143C /* UIColor.swift */; };
		4ADD2A7127D113FE001F143C /* UIFont.swift in Sources */ = {isa = PBXBuildFile; fileRef = 4ADD2A7027D113FE001F143C /* UIFont.swift */; };
		4ADD2A7327D11416001F143C /* UIImage.swift in Sources */ = {isa = PBXBuildFile; fileRef = 4ADD2A7227D11416001F143C /* UIImage.swift */; };
		4ADD2A7527D11483001F143C /* UILabel.swift in Sources */ = {isa = PBXBuildFile; fileRef = 4ADD2A7427D11483001F143C /* UILabel.swift */; };
		4ADD2A7727D114B7001F143C /* UINavigationController.swift in Sources */ = {isa = PBXBuildFile; fileRef = 4ADD2A7627D114B7001F143C /* UINavigationController.swift */; };
		4ADD2A7927D114D5001F143C /* UITableView.swift in Sources */ = {isa = PBXBuildFile; fileRef = 4ADD2A7827D114D5001F143C /* UITableView.swift */; };
		4ADD2A7B27D114EE001F143C /* UIView.swift in Sources */ = {isa = PBXBuildFile; fileRef = 4ADD2A7A27D114EE001F143C /* UIView.swift */; };
		4ADD2A7D27D11516001F143C /* String.swift in Sources */ = {isa = PBXBuildFile; fileRef = 4ADD2A7C27D11516001F143C /* String.swift */; };
		4ADD2A7F27D11586001F143C /* UIViewController.swift in Sources */ = {isa = PBXBuildFile; fileRef = 4ADD2A7E27D11586001F143C /* UIViewController.swift */; };
		4ADD2A8327D116F9001F143C /* House.xcdatamodeld in Sources */ = {isa = PBXBuildFile; fileRef = 4ADD2A8127D116F9001F143C /* House.xcdatamodeld */; };
		4ADD2A8527D1170E001F143C /* User.swift in Sources */ = {isa = PBXBuildFile; fileRef = 4ADD2A8427D1170E001F143C /* User.swift */; };
		4ADD2A8827D11E4F001F143C /* BaseViewController.swift in Sources */ = {isa = PBXBuildFile; fileRef = 4ADD2A8727D11E4F001F143C /* BaseViewController.swift */; };
		4ADD2A8A27D11EF9001F143C /* BasePopupViewController.swift in Sources */ = {isa = PBXBuildFile; fileRef = 4ADD2A8927D11EF9001F143C /* BasePopupViewController.swift */; };
		4ADD2A9127D12006001F143C /* State.swift in Sources */ = {isa = PBXBuildFile; fileRef = 4ADD2A9027D12006001F143C /* State.swift */; };
		4ADD2A9327D12352001F143C /* Language.swift in Sources */ = {isa = PBXBuildFile; fileRef = 4ADD2A9227D12352001F143C /* Language.swift */; };
		4ADD2A9927D12E4A001F143C /* Localizable.strings in Resources */ = {isa = PBXBuildFile; fileRef = 4ADD2A9B27D12E4A001F143C /* Localizable.strings */; };
		4ADD2AA027D131D9001F143C /* Authorization.storyboard in Resources */ = {isa = PBXBuildFile; fileRef = 4ADD2A9F27D131D9001F143C /* Authorization.storyboard */; };
		4ADD2AA227D13382001F143C /* AuthorizationViewController.swift in Sources */ = {isa = PBXBuildFile; fileRef = 4ADD2AA127D13382001F143C /* AuthorizationViewController.swift */; };
		FA86EDD4C15873DFC46A0859 /* Pods_House.framework in Frameworks */ = {isa = PBXBuildFile; fileRef = 9EC08A0A4828C247D36E4D99 /* Pods_House.framework */; };
/* End PBXBuildFile section */

/* Begin PBXFileReference section */
		2A9486591A3B32D4D2849373 /* Pods-House.release.xcconfig */ = {isa = PBXFileReference; includeInIndex = 1; lastKnownFileType = text.xcconfig; name = "Pods-House.release.xcconfig"; path = "Target Support Files/Pods-House/Pods-House.release.xcconfig"; sourceTree = "<group>"; };
		4A2F74FC28266D0F00F5E9A0 /* RegistrationViewController.swift */ = {isa = PBXFileReference; lastKnownFileType = sourcecode.swift; path = RegistrationViewController.swift; sourceTree = "<group>"; };
		4A2F7503282908D100F5E9A0 /* Dictionary.swift */ = {isa = PBXFileReference; lastKnownFileType = sourcecode.swift; path = Dictionary.swift; sourceTree = "<group>"; };
		4A2F7505282908FA00F5E9A0 /* CharacterSet.swift */ = {isa = PBXFileReference; lastKnownFileType = sourcecode.swift; path = CharacterSet.swift; sourceTree = "<group>"; };
		4A2F750728292E9F00F5E9A0 /* CoreDataManager.swift */ = {isa = PBXFileReference; lastKnownFileType = sourcecode.swift; path = CoreDataManager.swift; sourceTree = "<group>"; };
		4A2F750B282A705200F5E9A0 /* ProfileViewController.swift */ = {isa = PBXFileReference; lastKnownFileType = sourcecode.swift; path = ProfileViewController.swift; sourceTree = "<group>"; };
		4A2F750D282A70A400F5E9A0 /* ChatsViewController.swift */ = {isa = PBXFileReference; lastKnownFileType = sourcecode.swift; path = ChatsViewController.swift; sourceTree = "<group>"; };
		4A2F750F282A923000F5E9A0 /* TabBarController.swift */ = {isa = PBXFileReference; lastKnownFileType = sourcecode.swift; path = TabBarController.swift; sourceTree = "<group>"; };
		4A2F7515282BE5C200F5E9A0 /* SettingsTableViewCell.swift */ = {isa = PBXFileReference; lastKnownFileType = sourcecode.swift; path = SettingsTableViewCell.swift; sourceTree = "<group>"; };
		4A2F7516282BE5C200F5E9A0 /* SettingsTableViewCell.xib */ = {isa = PBXFileReference; lastKnownFileType = file.xib; path = SettingsTableViewCell.xib; sourceTree = "<group>"; };
		4A2F7519282C1ECA00F5E9A0 /* LanguageViewController.swift */ = {isa = PBXFileReference; lastKnownFileType = sourcecode.swift; path = LanguageViewController.swift; sourceTree = "<group>"; };
		4A2F751B282C1F0200F5E9A0 /* EditNameViewController.swift */ = {isa = PBXFileReference; lastKnownFileType = sourcecode.swift; path = EditNameViewController.swift; sourceTree = "<group>"; };
		4A2F751E282C271700F5E9A0 /* LanguageTableViewCell.swift */ = {isa = PBXFileReference; lastKnownFileType = sourcecode.swift; path = LanguageTableViewCell.swift; sourceTree = "<group>"; };
		4A2F751F282C271700F5E9A0 /* LanguageTableViewCell.xib */ = {isa = PBXFileReference; lastKnownFileType = file.xib; path = LanguageTableViewCell.xib; sourceTree = "<group>"; };
		4A2F7522282CEEA700F5E9A0 /* EditImageViewController.swift */ = {isa = PBXFileReference; lastKnownFileType = sourcecode.swift; path = EditImageViewController.swift; sourceTree = "<group>"; };
		4A2F7524282CF3E600F5E9A0 /* Settings.swift */ = {isa = PBXFileReference; lastKnownFileType = sourcecode.swift; path = Settings.swift; sourceTree = "<group>"; };
		4A2F7527282D087900F5E9A0 /* ImagePickerManager.swift */ = {isa = PBXFileReference; lastKnownFileType = sourcecode.swift; path = ImagePickerManager.swift; sourceTree = "<group>"; };
		4A3659B2282D5E7E00B6FD5E /* GoogleService-Info.plist */ = {isa = PBXFileReference; fileEncoding = 4; lastKnownFileType = text.plist.xml; path = "GoogleService-Info.plist"; sourceTree = "<group>"; };
		4A3659B4282D6A2400B6FD5E /* FirebaseDatabaseManager.swift */ = {isa = PBXFileReference; lastKnownFileType = sourcecode.swift; path = FirebaseDatabaseManager.swift; sourceTree = "<group>"; };
		4A3659B6282D7EA400B6FD5E /* LoadingViewController.swift */ = {isa = PBXFileReference; lastKnownFileType = sourcecode.swift; path = LoadingViewController.swift; sourceTree = "<group>"; };
		4A3659B9282FABB700B6FD5E /* SearchViewController.swift */ = {isa = PBXFileReference; lastKnownFileType = sourcecode.swift; path = SearchViewController.swift; sourceTree = "<group>"; };
		4A3659BE282FB86000B6FD5E /* SearchTableViewCell.swift */ = {isa = PBXFileReference; lastKnownFileType = sourcecode.swift; path = SearchTableViewCell.swift; sourceTree = "<group>"; };
		4A3659BF282FB86000B6FD5E /* SearchTableViewCell.xib */ = {isa = PBXFileReference; lastKnownFileType = file.xib; path = SearchTableViewCell.xib; sourceTree = "<group>"; };
		4A3659C2282FC0F800B6FD5E /* Group.swift */ = {isa = PBXFileReference; lastKnownFileType = sourcecode.swift; path = Group.swift; sourceTree = "<group>"; };
		4A3659C4282FC66500B6FD5E /* GroupPopup.swift */ = {isa = PBXFileReference; lastKnownFileType = sourcecode.swift; path = GroupPopup.swift; sourceTree = "<group>"; };
		4A3659C6282FE43700B6FD5E /* cities-en.json */ = {isa = PBXFileReference; fileEncoding = 4; lastKnownFileType = text.json; path = "cities-en.json"; sourceTree = "<group>"; };
		4A3659C7282FE43800B6FD5E /* cities-uk.json */ = {isa = PBXFileReference; fileEncoding = 4; lastKnownFileType = text.json; path = "cities-uk.json"; sourceTree = "<group>"; };
		4A3659CA282FE7CE00B6FD5E /* CreateGroupViewController.swift */ = {isa = PBXFileReference; lastKnownFileType = sourcecode.swift; path = CreateGroupViewController.swift; sourceTree = "<group>"; };
		4A3659CC282FE80D00B6FD5E /* CityViewController.swift */ = {isa = PBXFileReference; lastKnownFileType = sourcecode.swift; path = CityViewController.swift; sourceTree = "<group>"; };
		4A3659CF2830079800B6FD5E /* City.swift */ = {isa = PBXFileReference; lastKnownFileType = sourcecode.swift; path = City.swift; sourceTree = "<group>"; };
		4A3659D12830E1B700B6FD5E /* StreetViewController.swift */ = {isa = PBXFileReference; lastKnownFileType = sourcecode.swift; path = StreetViewController.swift; sourceTree = "<group>"; };
		4A3659D428322E0500B6FD5E /* GroupTableViewCell.swift */ = {isa = PBXFileReference; lastKnownFileType = sourcecode.swift; path = GroupTableViewCell.swift; sourceTree = "<group>"; };
		4A3659D528322E0500B6FD5E /* GroupTableViewCell.xib */ = {isa = PBXFileReference; lastKnownFileType = file.xib; path = GroupTableViewCell.xib; sourceTree = "<group>"; };
		4A3659D8283270B300B6FD5E /* ChatViewController.swift */ = {isa = PBXFileReference; lastKnownFileType = sourcecode.swift; path = ChatViewController.swift; sourceTree = "<group>"; };
		4A3659DC28328B0D00B6FD5E /* OutgoingMessageTableViewCell.swift */ = {isa = PBXFileReference; lastKnownFileType = sourcecode.swift; path = OutgoingMessageTableViewCell.swift; sourceTree = "<group>"; };
		4A3659DD28328B0D00B6FD5E /* OutgoingMessageTableViewCell.xib */ = {isa = PBXFileReference; lastKnownFileType = file.xib; path = OutgoingMessageTableViewCell.xib; sourceTree = "<group>"; };
		4A3659E028328B1D00B6FD5E /* IncomingMessageTableViewCell.swift */ = {isa = PBXFileReference; lastKnownFileType = sourcecode.swift; path = IncomingMessageTableViewCell.swift; sourceTree = "<group>"; };
		4A3659E128328B1D00B6FD5E /* IncomingMessageTableViewCell.xib */ = {isa = PBXFileReference; lastKnownFileType = file.xib; path = IncomingMessageTableViewCell.xib; sourceTree = "<group>"; };
		4A3659E42832CEFF00B6FD5E /* Message.swift */ = {isa = PBXFileReference; lastKnownFileType = sourcecode.swift; path = Message.swift; sourceTree = "<group>"; };
		4A49D29327F2F1BB00805FE5 /* SecondaryButton.swift */ = {isa = PBXFileReference; lastKnownFileType = sourcecode.swift; path = SecondaryButton.swift; sourceTree = "<group>"; };
		4A7BD7C127D77919001D73D8 /* OnboardingViewController.swift */ = {isa = PBXFileReference; lastKnownFileType = sourcecode.swift; path = OnboardingViewController.swift; sourceTree = "<group>"; };
		4A7BD7C327D8DA0C001D73D8 /* MainButton.swift */ = {isa = PBXFileReference; lastKnownFileType = sourcecode.swift; path = MainButton.swift; sourceTree = "<group>"; };
		4A7BD7CA27D8DDEF001D73D8 /* CircularStd-Bold.ttf */ = {isa = PBXFileReference; lastKnownFileType = file; path = "CircularStd-Bold.ttf"; sourceTree = "<group>"; };
		4A7BD7CB27D8DDEF001D73D8 /* CircularStd-Black.ttf */ = {isa = PBXFileReference; lastKnownFileType = file; path = "CircularStd-Black.ttf"; sourceTree = "<group>"; };
		4A7BD7CD27D8DDEF001D73D8 /* CircularStd-Book.ttf */ = {isa = PBXFileReference; lastKnownFileType = file; path = "CircularStd-Book.ttf"; sourceTree = "<group>"; };
		4A7BD7CE27D8DDEF001D73D8 /* CircularStd-Medium.ttf */ = {isa = PBXFileReference; lastKnownFileType = file; path = "CircularStd-Medium.ttf"; sourceTree = "<group>"; };
		4A7BD7D927D8DE2C001D73D8 /* AvenirLTStd-Black.otf */ = {isa = PBXFileReference; lastKnownFileType = file; path = "AvenirLTStd-Black.otf"; sourceTree = "<group>"; };
		4A7BD7DA27D8DE2D001D73D8 /* AvenirLTStd-Book.otf */ = {isa = PBXFileReference; lastKnownFileType = file; path = "AvenirLTStd-Book.otf"; sourceTree = "<group>"; };
		4A7BD7DB27D8DE2D001D73D8 /* AvenirLTStd-Roman.otf */ = {isa = PBXFileReference; lastKnownFileType = file; path = "AvenirLTStd-Roman.otf"; sourceTree = "<group>"; };
		4A7BD7DF27D8E547001D73D8 /* Authorization.swift */ = {isa = PBXFileReference; lastKnownFileType = sourcecode.swift; path = Authorization.swift; sourceTree = "<group>"; };
		4AC2580027D917E500F18112 /* OnboardingCollectionViewCell.swift */ = {isa = PBXFileReference; lastKnownFileType = sourcecode.swift; path = OnboardingCollectionViewCell.swift; sourceTree = "<group>"; };
		4AC2580127D917E500F18112 /* OnboardingCollectionViewCell.xib */ = {isa = PBXFileReference; lastKnownFileType = file.xib; path = OnboardingCollectionViewCell.xib; sourceTree = "<group>"; };
		4AC2580427D91A8C00F18112 /* Onboarding.swift */ = {isa = PBXFileReference; lastKnownFileType = sourcecode.swift; path = Onboarding.swift; sourceTree = "<group>"; };
		4ADD2A3E27CFA146001F143C /* House.app */ = {isa = PBXFileReference; explicitFileType = wrapper.application; includeInIndex = 0; path = House.app; sourceTree = BUILT_PRODUCTS_DIR; };
		4ADD2A4127CFA146001F143C /* AppDelegate.swift */ = {isa = PBXFileReference; lastKnownFileType = sourcecode.swift; path = AppDelegate.swift; sourceTree = "<group>"; };
		4ADD2A4327CFA146001F143C /* SceneDelegate.swift */ = {isa = PBXFileReference; lastKnownFileType = sourcecode.swift; path = SceneDelegate.swift; sourceTree = "<group>"; };
		4ADD2A4527CFA146001F143C /* MainViewController.swift */ = {isa = PBXFileReference; lastKnownFileType = sourcecode.swift; path = MainViewController.swift; sourceTree = "<group>"; };
		4ADD2A4827CFA146001F143C /* Base */ = {isa = PBXFileReference; lastKnownFileType = file.storyboard; name = Base; path = Base.lproj/Main.storyboard; sourceTree = "<group>"; };
		4ADD2A4A27CFA147001F143C /* Assets.xcassets */ = {isa = PBXFileReference; lastKnownFileType = folder.assetcatalog; path = Assets.xcassets; sourceTree = "<group>"; };
		4ADD2A4D27CFA147001F143C /* Base */ = {isa = PBXFileReference; lastKnownFileType = file.storyboard; name = Base; path = Base.lproj/LaunchScreen.storyboard; sourceTree = "<group>"; };
		4ADD2A4F27CFA147001F143C /* Info.plist */ = {isa = PBXFileReference; lastKnownFileType = text.plist.xml; path = Info.plist; sourceTree = "<group>"; };
		4ADD2A5B27D0B5F6001F143C /* UIButton.swift */ = {isa = PBXFileReference; lastKnownFileType = sourcecode.swift; path = UIButton.swift; sourceTree = "<group>"; };
		4ADD2A5E27D0B638001F143C /* Util.swift */ = {isa = PBXFileReference; lastKnownFileType = sourcecode.swift; path = Util.swift; sourceTree = "<group>"; };
		4ADD2A6027D0B724001F143C /* UICollectionView.swift */ = {isa = PBXFileReference; lastKnownFileType = sourcecode.swift; path = UICollectionView.swift; sourceTree = "<group>"; };
		4ADD2A6327D0B752001F143C /* Storyboards.swift */ = {isa = PBXFileReference; lastKnownFileType = sourcecode.swift; path = Storyboards.swift; sourceTree = "<group>"; };
		4ADD2A6527D0B767001F143C /* Main.swift */ = {isa = PBXFileReference; lastKnownFileType = sourcecode.swift; path = Main.swift; sourceTree = "<group>"; };
		4ADD2A6727D0B77B001F143C /* Popup.swift */ = {isa = PBXFileReference; lastKnownFileType = sourcecode.swift; path = Popup.swift; sourceTree = "<group>"; };
		4ADD2A6927D0B79E001F143C /* Cells.swift */ = {isa = PBXFileReference; lastKnownFileType = sourcecode.swift; path = Cells.swift; sourceTree = "<group>"; };
		4ADD2A6B27D0B7DA001F143C /* Constants.swift */ = {isa = PBXFileReference; lastKnownFileType = sourcecode.swift; path = Constants.swift; sourceTree = "<group>"; };
		4ADD2A6E27D0B90A001F143C /* UIColor.swift */ = {isa = PBXFileReference; lastKnownFileType = sourcecode.swift; path = UIColor.swift; sourceTree = "<group>"; };
		4ADD2A7027D113FE001F143C /* UIFont.swift */ = {isa = PBXFileReference; lastKnownFileType = sourcecode.swift; path = UIFont.swift; sourceTree = "<group>"; };
		4ADD2A7227D11416001F143C /* UIImage.swift */ = {isa = PBXFileReference; lastKnownFileType = sourcecode.swift; path = UIImage.swift; sourceTree = "<group>"; };
		4ADD2A7427D11483001F143C /* UILabel.swift */ = {isa = PBXFileReference; lastKnownFileType = sourcecode.swift; path = UILabel.swift; sourceTree = "<group>"; };
		4ADD2A7627D114B7001F143C /* UINavigationController.swift */ = {isa = PBXFileReference; lastKnownFileType = sourcecode.swift; path = UINavigationController.swift; sourceTree = "<group>"; };
		4ADD2A7827D114D5001F143C /* UITableView.swift */ = {isa = PBXFileReference; lastKnownFileType = sourcecode.swift; path = UITableView.swift; sourceTree = "<group>"; };
		4ADD2A7A27D114EE001F143C /* UIView.swift */ = {isa = PBXFileReference; lastKnownFileType = sourcecode.swift; path = UIView.swift; sourceTree = "<group>"; };
		4ADD2A7C27D11516001F143C /* String.swift */ = {isa = PBXFileReference; lastKnownFileType = sourcecode.swift; path = String.swift; sourceTree = "<group>"; };
		4ADD2A7E27D11586001F143C /* UIViewController.swift */ = {isa = PBXFileReference; lastKnownFileType = sourcecode.swift; path = UIViewController.swift; sourceTree = "<group>"; };
		4ADD2A8227D116F9001F143C /* House.xcdatamodel */ = {isa = PBXFileReference; lastKnownFileType = wrapper.xcdatamodel; path = House.xcdatamodel; sourceTree = "<group>"; };
		4ADD2A8427D1170E001F143C /* User.swift */ = {isa = PBXFileReference; lastKnownFileType = sourcecode.swift; path = User.swift; sourceTree = "<group>"; };
		4ADD2A8727D11E4F001F143C /* BaseViewController.swift */ = {isa = PBXFileReference; lastKnownFileType = sourcecode.swift; path = BaseViewController.swift; sourceTree = "<group>"; };
		4ADD2A8927D11EF9001F143C /* BasePopupViewController.swift */ = {isa = PBXFileReference; lastKnownFileType = sourcecode.swift; path = BasePopupViewController.swift; sourceTree = "<group>"; };
		4ADD2A9027D12006001F143C /* State.swift */ = {isa = PBXFileReference; lastKnownFileType = sourcecode.swift; path = State.swift; sourceTree = "<group>"; };
		4ADD2A9227D12352001F143C /* Language.swift */ = {isa = PBXFileReference; lastKnownFileType = sourcecode.swift; path = Language.swift; sourceTree = "<group>"; };
		4ADD2A9427D12491001F143C /* uk */ = {isa = PBXFileReference; lastKnownFileType = text.plist.strings; name = uk; path = uk.lproj/LaunchScreen.strings; sourceTree = "<group>"; };
		4ADD2A9527D12491001F143C /* uk */ = {isa = PBXFileReference; lastKnownFileType = text.plist.strings; name = uk; path = uk.lproj/Main.strings; sourceTree = "<group>"; };
		4ADD2A9A27D12E4A001F143C /* en */ = {isa = PBXFileReference; lastKnownFileType = text.plist.strings; name = en; path = en.lproj/Localizable.strings; sourceTree = "<group>"; };
		4ADD2A9C27D12E4F001F143C /* uk */ = {isa = PBXFileReference; lastKnownFileType = text.plist.strings; name = uk; path = uk.lproj/Localizable.strings; sourceTree = "<group>"; };
		4ADD2A9F27D131D9001F143C /* Authorization.storyboard */ = {isa = PBXFileReference; lastKnownFileType = file.storyboard; path = Authorization.storyboard; sourceTree = "<group>"; };
		4ADD2AA127D13382001F143C /* AuthorizationViewController.swift */ = {isa = PBXFileReference; lastKnownFileType = sourcecode.swift; path = AuthorizationViewController.swift; sourceTree = "<group>"; };
		9EC08A0A4828C247D36E4D99 /* Pods_House.framework */ = {isa = PBXFileReference; explicitFileType = wrapper.framework; includeInIndex = 0; path = Pods_House.framework; sourceTree = BUILT_PRODUCTS_DIR; };
		E923E0845D6E5C744ADF8680 /* Pods-House.debug.xcconfig */ = {isa = PBXFileReference; includeInIndex = 1; lastKnownFileType = text.xcconfig; name = "Pods-House.debug.xcconfig"; path = "Target Support Files/Pods-House/Pods-House.debug.xcconfig"; sourceTree = "<group>"; };
/* End PBXFileReference section */

/* Begin PBXFrameworksBuildPhase section */
		4ADD2A3B27CFA146001F143C /* Frameworks */ = {
			isa = PBXFrameworksBuildPhase;
			buildActionMask = 2147483647;
			files = (
				FA86EDD4C15873DFC46A0859 /* Pods_House.framework in Frameworks */,
			);
			runOnlyForDeploymentPostprocessing = 0;
		};
/* End PBXFrameworksBuildPhase section */

/* Begin PBXGroup section */
		4A2F751D282C1F1300F5E9A0 /* Profile */ = {
			isa = PBXGroup;
			children = (
				4A2F750B282A705200F5E9A0 /* ProfileViewController.swift */,
				4A2F7519282C1ECA00F5E9A0 /* LanguageViewController.swift */,
				4A2F751B282C1F0200F5E9A0 /* EditNameViewController.swift */,
				4A2F7522282CEEA700F5E9A0 /* EditImageViewController.swift */,
			);
			path = Profile;
			sourceTree = "<group>";
		};
		4A2F7526282D086600F5E9A0 /* Managers */ = {
			isa = PBXGroup;
			children = (
				4A2F7527282D087900F5E9A0 /* ImagePickerManager.swift */,
				4A3659B4282D6A2400B6FD5E /* FirebaseDatabaseManager.swift */,
				4A2F750728292E9F00F5E9A0 /* CoreDataManager.swift */,
			);
			path = Managers;
			sourceTree = "<group>";
		};
		4A3659B8282FABA100B6FD5E /* Chats */ = {
			isa = PBXGroup;
			children = (
				4A2F750D282A70A400F5E9A0 /* ChatsViewController.swift */,
				4A3659B9282FABB700B6FD5E /* SearchViewController.swift */,
				4A3659CA282FE7CE00B6FD5E /* CreateGroupViewController.swift */,
				4A3659CC282FE80D00B6FD5E /* CityViewController.swift */,
				4A3659D12830E1B700B6FD5E /* StreetViewController.swift */,
				4A3659D8283270B300B6FD5E /* ChatViewController.swift */,
			);
			path = Chats;
			sourceTree = "<group>";
		};
		4A3659BB282FB83200B6FD5E /* Settings */ = {
			isa = PBXGroup;
			children = (
				4A2F7515282BE5C200F5E9A0 /* SettingsTableViewCell.swift */,
				4A2F7516282BE5C200F5E9A0 /* SettingsTableViewCell.xib */,
			);
			path = Settings;
			sourceTree = "<group>";
		};
		4A3659BC282FB83C00B6FD5E /* Language */ = {
			isa = PBXGroup;
			children = (
				4A2F751E282C271700F5E9A0 /* LanguageTableViewCell.swift */,
				4A2F751F282C271700F5E9A0 /* LanguageTableViewCell.xib */,
			);
			path = Language;
			sourceTree = "<group>";
		};
		4A3659BD282FB84500B6FD5E /* Search */ = {
			isa = PBXGroup;
			children = (
				4A3659BE282FB86000B6FD5E /* SearchTableViewCell.swift */,
				4A3659BF282FB86000B6FD5E /* SearchTableViewCell.xib */,
			);
			path = Search;
			sourceTree = "<group>";
		};
		4A3659D328322DCB00B6FD5E /* Group */ = {
			isa = PBXGroup;
			children = (
				4A3659D428322E0500B6FD5E /* GroupTableViewCell.swift */,
				4A3659D528322E0500B6FD5E /* GroupTableViewCell.xib */,
			);
			path = Group;
			sourceTree = "<group>";
		};
		4A3659DA2832884300B6FD5E /* Incoming Message */ = {
			isa = PBXGroup;
			children = (
				4A3659E028328B1D00B6FD5E /* IncomingMessageTableViewCell.swift */,
				4A3659E128328B1D00B6FD5E /* IncomingMessageTableViewCell.xib */,
			);
			path = "Incoming Message";
			sourceTree = "<group>";
		};
		4A3659DB2832884E00B6FD5E /* Outgoing Message */ = {
			isa = PBXGroup;
			children = (
				4A3659DC28328B0D00B6FD5E /* OutgoingMessageTableViewCell.swift */,
				4A3659DD28328B0D00B6FD5E /* OutgoingMessageTableViewCell.xib */,
			);
			path = "Outgoing Message";
			sourceTree = "<group>";
		};
		4A7BD7C527D8DDA3001D73D8 /* Resources */ = {
			isa = PBXGroup;
			children = (
				4A3659C6282FE43700B6FD5E /* cities-en.json */,
				4A3659C7282FE43800B6FD5E /* cities-uk.json */,
				4A7BD7C627D8DDB8001D73D8 /* Fonts */,
			);
			path = Resources;
			sourceTree = "<group>";
		};
		4A7BD7C627D8DDB8001D73D8 /* Fonts */ = {
			isa = PBXGroup;
			children = (
				4A7BD7D827D8DE15001D73D8 /* Avenir */,
				4A7BD7C727D8DDD1001D73D8 /* Circular-Std */,
			);
			path = Fonts;
			sourceTree = "<group>";
		};
		4A7BD7C727D8DDD1001D73D8 /* Circular-Std */ = {
			isa = PBXGroup;
			children = (
				4A7BD7CB27D8DDEF001D73D8 /* CircularStd-Black.ttf */,
				4A7BD7CA27D8DDEF001D73D8 /* CircularStd-Bold.ttf */,
				4A7BD7CD27D8DDEF001D73D8 /* CircularStd-Book.ttf */,
				4A7BD7CE27D8DDEF001D73D8 /* CircularStd-Medium.ttf */,
			);
			path = "Circular-Std";
			sourceTree = "<group>";
		};
		4A7BD7D827D8DE15001D73D8 /* Avenir */ = {
			isa = PBXGroup;
			children = (
				4A7BD7D927D8DE2C001D73D8 /* AvenirLTStd-Black.otf */,
				4A7BD7DA27D8DE2D001D73D8 /* AvenirLTStd-Book.otf */,
				4A7BD7DB27D8DE2D001D73D8 /* AvenirLTStd-Roman.otf */,
			);
			path = Avenir;
			sourceTree = "<group>";
		};
		4AC257FF27D917AD00F18112 /* Cells */ = {
			isa = PBXGroup;
			children = (
				4AC2580027D917E500F18112 /* OnboardingCollectionViewCell.swift */,
				4AC2580127D917E500F18112 /* OnboardingCollectionViewCell.xib */,
			);
			path = Cells;
			sourceTree = "<group>";
		};
		4ADD2A3527CFA146001F143C = {
			isa = PBXGroup;
			children = (
				4ADD2A4027CFA146001F143C /* House */,
				4ADD2A3F27CFA146001F143C /* Products */,
				524C2F0EC182D2F1F302C2D3 /* Pods */,
				918E3B527BE7C1FA9C007AD4 /* Frameworks */,
			);
			sourceTree = "<group>";
		};
		4ADD2A3F27CFA146001F143C /* Products */ = {
			isa = PBXGroup;
			children = (
				4ADD2A3E27CFA146001F143C /* House.app */,
			);
			name = Products;
			sourceTree = "<group>";
		};
		4ADD2A4027CFA146001F143C /* House */ = {
			isa = PBXGroup;
			children = (
				4ADD2A4A27CFA147001F143C /* Assets.xcassets */,
				4ADD2A5527D0B13B001F143C /* Application */,
				4ADD2A5A27D0B59A001F143C /* Extensions */,
				4ADD2A9627D12DEF001F143C /* Localization */,
				4ADD2A8027D116DA001F143C /* Model */,
				4A2F7526282D086600F5E9A0 /* Managers */,
				4A7BD7C527D8DDA3001D73D8 /* Resources */,
				4ADD2A8627D11E3A001F143C /* Screens */,
				4ADD2A5D27D0B624001F143C /* Util */,
				4ADD2A6D27D0B808001F143C /* Views */,
			);
			path = House;
			sourceTree = "<group>";
		};
		4ADD2A5527D0B13B001F143C /* Application */ = {
			isa = PBXGroup;
			children = (
				4ADD2A4127CFA146001F143C /* AppDelegate.swift */,
				4ADD2A4327CFA146001F143C /* SceneDelegate.swift */,
				4ADD2A4F27CFA147001F143C /* Info.plist */,
				4A3659B2282D5E7E00B6FD5E /* GoogleService-Info.plist */,
			);
			name = Application;
			sourceTree = "<group>";
		};
		4ADD2A5A27D0B59A001F143C /* Extensions */ = {
			isa = PBXGroup;
			children = (
				4A2F7505282908FA00F5E9A0 /* CharacterSet.swift */,
				4A2F7503282908D100F5E9A0 /* Dictionary.swift */,
				4ADD2A7C27D11516001F143C /* String.swift */,
				4ADD2A5B27D0B5F6001F143C /* UIButton.swift */,
				4ADD2A6027D0B724001F143C /* UICollectionView.swift */,
				4ADD2A6E27D0B90A001F143C /* UIColor.swift */,
				4ADD2A7027D113FE001F143C /* UIFont.swift */,
				4ADD2A7227D11416001F143C /* UIImage.swift */,
				4ADD2A7427D11483001F143C /* UILabel.swift */,
				4ADD2A7627D114B7001F143C /* UINavigationController.swift */,
				4ADD2A7827D114D5001F143C /* UITableView.swift */,
				4ADD2A7A27D114EE001F143C /* UIView.swift */,
				4ADD2A7E27D11586001F143C /* UIViewController.swift */,
			);
			path = Extensions;
			sourceTree = "<group>";
		};
		4ADD2A5D27D0B624001F143C /* Util */ = {
			isa = PBXGroup;
			children = (
				4ADD2A6227D0B742001F143C /* Screens */,
				4ADD2A5E27D0B638001F143C /* Util.swift */,
				4ADD2A6B27D0B7DA001F143C /* Constants.swift */,
				4ADD2A9027D12006001F143C /* State.swift */,
			);
			path = Util;
			sourceTree = "<group>";
		};
		4ADD2A6227D0B742001F143C /* Screens */ = {
			isa = PBXGroup;
			children = (
				4ADD2A6327D0B752001F143C /* Storyboards.swift */,
				4A7BD7DF27D8E547001D73D8 /* Authorization.swift */,
				4ADD2A6527D0B767001F143C /* Main.swift */,
				4ADD2A6727D0B77B001F143C /* Popup.swift */,
				4ADD2A6927D0B79E001F143C /* Cells.swift */,
			);
			path = Screens;
			sourceTree = "<group>";
		};
		4ADD2A6D27D0B808001F143C /* Views */ = {
			isa = PBXGroup;
			children = (
				4A7BD7C327D8DA0C001D73D8 /* MainButton.swift */,
				4A49D29327F2F1BB00805FE5 /* SecondaryButton.swift */,
			);
			path = Views;
			sourceTree = "<group>";
		};
		4ADD2A8027D116DA001F143C /* Model */ = {
			isa = PBXGroup;
			children = (
				4ADD2A8127D116F9001F143C /* House.xcdatamodeld */,
				4ADD2A8427D1170E001F143C /* User.swift */,
				4A3659C2282FC0F800B6FD5E /* Group.swift */,
				4ADD2A9227D12352001F143C /* Language.swift */,
				4AC2580427D91A8C00F18112 /* Onboarding.swift */,
				4A2F7524282CF3E600F5E9A0 /* Settings.swift */,
				4A3659CF2830079800B6FD5E /* City.swift */,
				4A3659E42832CEFF00B6FD5E /* Message.swift */,
			);
			path = Model;
			sourceTree = "<group>";
		};
		4ADD2A8627D11E3A001F143C /* Screens */ = {
			isa = PBXGroup;
			children = (
				4ADD2A8727D11E4F001F143C /* BaseViewController.swift */,
				4ADD2A8927D11EF9001F143C /* BasePopupViewController.swift */,
				4ADD2A9D27D1306C001F143C /* Authorization */,
				4ADD2A8C27D11F71001F143C /* Main */,
				4ADD2A8B27D11F55001F143C /* Launch Screen */,
			);
			path = Screens;
			sourceTree = "<group>";
		};
		4ADD2A8B27D11F55001F143C /* Launch Screen */ = {
			isa = PBXGroup;
			children = (
				4ADD2A4C27CFA147001F143C /* LaunchScreen.storyboard */,
			);
			path = "Launch Screen";
			sourceTree = "<group>";
		};
		4ADD2A8C27D11F71001F143C /* Main */ = {
			isa = PBXGroup;
			children = (
				4ADD2A8E27D11F8E001F143C /* Cells */,
				4ADD2A8F27D11F94001F143C /* Popups */,
				4ADD2A8D27D11F80001F143C /* Controllers */,
				4ADD2A4727CFA146001F143C /* Main.storyboard */,
			);
			path = Main;
			sourceTree = "<group>";
		};
		4ADD2A8D27D11F80001F143C /* Controllers */ = {
			isa = PBXGroup;
			children = (
				4A3659B8282FABA100B6FD5E /* Chats */,
				4A2F751D282C1F1300F5E9A0 /* Profile */,
				4ADD2A4527CFA146001F143C /* MainViewController.swift */,
				4A2F750F282A923000F5E9A0 /* TabBarController.swift */,
			);
			path = Controllers;
			sourceTree = "<group>";
		};
		4ADD2A8E27D11F8E001F143C /* Cells */ = {
			isa = PBXGroup;
			children = (
				4A3659DB2832884E00B6FD5E /* Outgoing Message */,
				4A3659DA2832884300B6FD5E /* Incoming Message */,
				4A3659D328322DCB00B6FD5E /* Group */,
				4A3659BD282FB84500B6FD5E /* Search */,
				4A3659BC282FB83C00B6FD5E /* Language */,
				4A3659BB282FB83200B6FD5E /* Settings */,
			);
			path = Cells;
			sourceTree = "<group>";
		};
		4ADD2A8F27D11F94001F143C /* Popups */ = {
			isa = PBXGroup;
			children = (
				4A3659C4282FC66500B6FD5E /* GroupPopup.swift */,
			);
			path = Popups;
			sourceTree = "<group>";
		};
		4ADD2A9627D12DEF001F143C /* Localization */ = {
			isa = PBXGroup;
			children = (
				4ADD2A9B27D12E4A001F143C /* Localizable.strings */,
			);
			path = Localization;
			sourceTree = "<group>";
		};
		4ADD2A9D27D1306C001F143C /* Authorization */ = {
			isa = PBXGroup;
			children = (
				4AC257FF27D917AD00F18112 /* Cells */,
				4ADD2A9E27D131BF001F143C /* Controllers */,
				4ADD2A9F27D131D9001F143C /* Authorization.storyboard */,
			);
			path = Authorization;
			sourceTree = "<group>";
		};
		4ADD2A9E27D131BF001F143C /* Controllers */ = {
			isa = PBXGroup;
			children = (
				4ADD2AA127D13382001F143C /* AuthorizationViewController.swift */,
				4A7BD7C127D77919001D73D8 /* OnboardingViewController.swift */,
				4A2F74FC28266D0F00F5E9A0 /* RegistrationViewController.swift */,
				4A3659B6282D7EA400B6FD5E /* LoadingViewController.swift */,
			);
			path = Controllers;
			sourceTree = "<group>";
		};
		524C2F0EC182D2F1F302C2D3 /* Pods */ = {
			isa = PBXGroup;
			children = (
				E923E0845D6E5C744ADF8680 /* Pods-House.debug.xcconfig */,
				2A9486591A3B32D4D2849373 /* Pods-House.release.xcconfig */,
			);
			path = Pods;
			sourceTree = "<group>";
		};
		918E3B527BE7C1FA9C007AD4 /* Frameworks */ = {
			isa = PBXGroup;
			children = (
				9EC08A0A4828C247D36E4D99 /* Pods_House.framework */,
			);
			name = Frameworks;
			sourceTree = "<group>";
		};
/* End PBXGroup section */

/* Begin PBXNativeTarget section */
		4ADD2A3D27CFA146001F143C /* House */ = {
			isa = PBXNativeTarget;
			buildConfigurationList = 4ADD2A5227CFA147001F143C /* Build configuration list for PBXNativeTarget "House" */;
			buildPhases = (
				F598C54B59C80E6364EADC28 /* [CP] Check Pods Manifest.lock */,
				4ADD2A3A27CFA146001F143C /* Sources */,
				4ADD2A3B27CFA146001F143C /* Frameworks */,
				4ADD2A3C27CFA146001F143C /* Resources */,
				6B29B38DBD876EA52E614639 /* [CP] Embed Pods Frameworks */,
			);
			buildRules = (
			);
			dependencies = (
			);
			name = House;
			productName = House;
			productReference = 4ADD2A3E27CFA146001F143C /* House.app */;
			productType = "com.apple.product-type.application";
		};
/* End PBXNativeTarget section */

/* Begin PBXProject section */
		4ADD2A3627CFA146001F143C /* Project object */ = {
			isa = PBXProject;
			attributes = {
				LastSwiftUpdateCheck = 1250;
				LastUpgradeCheck = 1250;
				TargetAttributes = {
					4ADD2A3D27CFA146001F143C = {
						CreatedOnToolsVersion = 12.5.1;
					};
				};
			};
			buildConfigurationList = 4ADD2A3927CFA146001F143C /* Build configuration list for PBXProject "House" */;
			compatibilityVersion = "Xcode 9.3";
			developmentRegion = en;
			hasScannedForEncodings = 0;
			knownRegions = (
				en,
				Base,
				uk,
			);
			mainGroup = 4ADD2A3527CFA146001F143C;
			productRefGroup = 4ADD2A3F27CFA146001F143C /* Products */;
			projectDirPath = "";
			projectRoot = "";
			targets = (
				4ADD2A3D27CFA146001F143C /* House */,
			);
		};
/* End PBXProject section */

/* Begin PBXResourcesBuildPhase section */
		4ADD2A3C27CFA146001F143C /* Resources */ = {
			isa = PBXResourcesBuildPhase;
			buildActionMask = 2147483647;
			files = (
				4ADD2A4E27CFA147001F143C /* LaunchScreen.storyboard in Resources */,
				4A2F7521282C271700F5E9A0 /* LanguageTableViewCell.xib in Resources */,
				4A7BD7DE27D8DE2D001D73D8 /* AvenirLTStd-Roman.otf in Resources */,
				4ADD2AA027D131D9001F143C /* Authorization.storyboard in Resources */,
				4ADD2A9927D12E4A001F143C /* Localizable.strings in Resources */,
				4AC2580327D917E500F18112 /* OnboardingCollectionViewCell.xib in Resources */,
				4A3659DF28328B0D00B6FD5E /* OutgoingMessageTableViewCell.xib in Resources */,
				4A7BD7DD27D8DE2D001D73D8 /* AvenirLTStd-Book.otf in Resources */,
				4A3659C8282FE43800B6FD5E /* cities-en.json in Resources */,
				4A3659C1282FB86000B6FD5E /* SearchTableViewCell.xib in Resources */,
				4ADD2A4B27CFA147001F143C /* Assets.xcassets in Resources */,
				4A3659C9282FE43800B6FD5E /* cities-uk.json in Resources */,
				4A3659E328328B1D00B6FD5E /* IncomingMessageTableViewCell.xib in Resources */,
				4A3659D728322E0500B6FD5E /* GroupTableViewCell.xib in Resources */,
				4A7BD7DC27D8DE2D001D73D8 /* AvenirLTStd-Black.otf in Resources */,
				4A3659B3282D5E7E00B6FD5E /* GoogleService-Info.plist in Resources */,
				4A7BD7D227D8DDEF001D73D8 /* CircularStd-Bold.ttf in Resources */,
				4A2F7518282BE5C200F5E9A0 /* SettingsTableViewCell.xib in Resources */,
				4A7BD7D627D8DDEF001D73D8 /* CircularStd-Medium.ttf in Resources */,
				4ADD2A4927CFA146001F143C /* Main.storyboard in Resources */,
				4A7BD7D527D8DDEF001D73D8 /* CircularStd-Book.ttf in Resources */,
				4A7BD7D327D8DDEF001D73D8 /* CircularStd-Black.ttf in Resources */,
			);
			runOnlyForDeploymentPostprocessing = 0;
		};
/* End PBXResourcesBuildPhase section */

/* Begin PBXShellScriptBuildPhase section */
		6B29B38DBD876EA52E614639 /* [CP] Embed Pods Frameworks */ = {
			isa = PBXShellScriptBuildPhase;
			buildActionMask = 2147483647;
			files = (
			);
			inputFileListPaths = (
				"${PODS_ROOT}/Target Support Files/Pods-House/Pods-House-frameworks-${CONFIGURATION}-input-files.xcfilelist",
			);
			name = "[CP] Embed Pods Frameworks";
			outputFileListPaths = (
				"${PODS_ROOT}/Target Support Files/Pods-House/Pods-House-frameworks-${CONFIGURATION}-output-files.xcfilelist",
			);
			runOnlyForDeploymentPostprocessing = 0;
			shellPath = /bin/sh;
			shellScript = "\"${PODS_ROOT}/Target Support Files/Pods-House/Pods-House-frameworks.sh\"\n";
			showEnvVarsInLog = 0;
		};
		F598C54B59C80E6364EADC28 /* [CP] Check Pods Manifest.lock */ = {
			isa = PBXShellScriptBuildPhase;
			buildActionMask = 2147483647;
			files = (
			);
			inputFileListPaths = (
			);
			inputPaths = (
				"${PODS_PODFILE_DIR_PATH}/Podfile.lock",
				"${PODS_ROOT}/Manifest.lock",
			);
			name = "[CP] Check Pods Manifest.lock";
			outputFileListPaths = (
			);
			outputPaths = (
				"$(DERIVED_FILE_DIR)/Pods-House-checkManifestLockResult.txt",
			);
			runOnlyForDeploymentPostprocessing = 0;
			shellPath = /bin/sh;
			shellScript = "diff \"${PODS_PODFILE_DIR_PATH}/Podfile.lock\" \"${PODS_ROOT}/Manifest.lock\" > /dev/null\nif [ $? != 0 ] ; then\n    # print error to STDERR\n    echo \"error: The sandbox is not in sync with the Podfile.lock. Run 'pod install' or update your CocoaPods installation.\" >&2\n    exit 1\nfi\n# This output is used by Xcode 'outputs' to avoid re-running this script phase.\necho \"SUCCESS\" > \"${SCRIPT_OUTPUT_FILE_0}\"\n";
			showEnvVarsInLog = 0;
		};
/* End PBXShellScriptBuildPhase section */

/* Begin PBXSourcesBuildPhase section */
		4ADD2A3A27CFA146001F143C /* Sources */ = {
			isa = PBXSourcesBuildPhase;
			buildActionMask = 2147483647;
			files = (
				4A49D29427F2F1BB00805FE5 /* SecondaryButton.swift in Sources */,
				4ADD2AA227D13382001F143C /* AuthorizationViewController.swift in Sources */,
				4A3659B7282D7EA400B6FD5E /* LoadingViewController.swift in Sources */,
				4A3659BA282FABB700B6FD5E /* SearchViewController.swift in Sources */,
				4A7BD7C427D8DA0C001D73D8 /* MainButton.swift in Sources */,
				4A2F7517282BE5C200F5E9A0 /* SettingsTableViewCell.swift in Sources */,
				4A3659D02830079800B6FD5E /* City.swift in Sources */,
				4ADD2A7D27D11516001F143C /* String.swift in Sources */,
				4A2F7523282CEEA800F5E9A0 /* EditImageViewController.swift in Sources */,
				4ADD2A6827D0B77B001F143C /* Popup.swift in Sources */,
				4ADD2A6F27D0B90A001F143C /* UIColor.swift in Sources */,
				4A3659D628322E0500B6FD5E /* GroupTableViewCell.swift in Sources */,
				4ADD2A8827D11E4F001F143C /* BaseViewController.swift in Sources */,
				4A2F751C282C1F0200F5E9A0 /* EditNameViewController.swift in Sources */,
				4ADD2A6C27D0B7DA001F143C /* Constants.swift in Sources */,
				4A3659D9283270B300B6FD5E /* ChatViewController.swift in Sources */,
				4A2F74FD28266D0F00F5E9A0 /* RegistrationViewController.swift in Sources */,
				4A3659C5282FC66500B6FD5E /* GroupPopup.swift in Sources */,
				4ADD2A6127D0B724001F143C /* UICollectionView.swift in Sources */,
				4A3659CD282FE80D00B6FD5E /* CityViewController.swift in Sources */,
				4A3659E228328B1D00B6FD5E /* IncomingMessageTableViewCell.swift in Sources */,
				4A2F7504282908D100F5E9A0 /* Dictionary.swift in Sources */,
				4ADD2A5F27D0B638001F143C /* Util.swift in Sources */,
				4A3659C3282FC0F800B6FD5E /* Group.swift in Sources */,
				4A2F7528282D087900F5E9A0 /* ImagePickerManager.swift in Sources */,
				4A7BD7E027D8E547001D73D8 /* Authorization.swift in Sources */,
				4ADD2A6627D0B767001F143C /* Main.swift in Sources */,
				4ADD2A4627CFA146001F143C /* MainViewController.swift in Sources */,
				4A3659C0282FB86000B6FD5E /* SearchTableViewCell.swift in Sources */,
				4ADD2A4227CFA146001F143C /* AppDelegate.swift in Sources */,
				4A3659DE28328B0D00B6FD5E /* OutgoingMessageTableViewCell.swift in Sources */,
				4A7BD7C227D77919001D73D8 /* OnboardingViewController.swift in Sources */,
				4AC2580527D91A8C00F18112 /* Onboarding.swift in Sources */,
				4ADD2A4427CFA146001F143C /* SceneDelegate.swift in Sources */,
				4ADD2A8527D1170E001F143C /* User.swift in Sources */,
				4A2F750C282A705200F5E9A0 /* ProfileViewController.swift in Sources */,
				4A3659B5282D6A2400B6FD5E /* FirebaseDatabaseManager.swift in Sources */,
				4ADD2A7727D114B7001F143C /* UINavigationController.swift in Sources */,
				4ADD2A7127D113FE001F143C /* UIFont.swift in Sources */,
				4ADD2A7927D114D5001F143C /* UITableView.swift in Sources */,
				4ADD2A7527D11483001F143C /* UILabel.swift in Sources */,
				4ADD2A7F27D11586001F143C /* UIViewController.swift in Sources */,
				4ADD2A5C27D0B5F6001F143C /* UIButton.swift in Sources */,
				4A2F751A282C1ECA00F5E9A0 /* LanguageViewController.swift in Sources */,
				4A2F750828292E9F00F5E9A0 /* CoreDataManager.swift in Sources */,
				4ADD2A6427D0B752001F143C /* Storyboards.swift in Sources */,
				4ADD2A6A27D0B79E001F143C /* Cells.swift in Sources */,
				4ADD2A7B27D114EE001F143C /* UIView.swift in Sources */,
				4ADD2A9327D12352001F143C /* Language.swift in Sources */,
				4A2F750E282A70A400F5E9A0 /* ChatsViewController.swift in Sources */,
				4ADD2A8327D116F9001F143C /* House.xcdatamodeld in Sources */,
				4A3659E52832CF0000B6FD5E /* Message.swift in Sources */,
				4ADD2A8A27D11EF9001F143C /* BasePopupViewController.swift in Sources */,
				4A2F7506282908FA00F5E9A0 /* CharacterSet.swift in Sources */,
				4A2F7525282CF3E600F5E9A0 /* Settings.swift in Sources */,
				4A2F7520282C271700F5E9A0 /* LanguageTableViewCell.swift in Sources */,
				4ADD2A9127D12006001F143C /* State.swift in Sources */,
				4A3659CB282FE7CE00B6FD5E /* CreateGroupViewController.swift in Sources */,
				4A2F7510282A923000F5E9A0 /* TabBarController.swift in Sources */,
				4A3659D22830E1B700B6FD5E /* StreetViewController.swift in Sources */,
				4AC2580227D917E500F18112 /* OnboardingCollectionViewCell.swift in Sources */,
				4ADD2A7327D11416001F143C /* UIImage.swift in Sources */,
			);
			runOnlyForDeploymentPostprocessing = 0;
		};
/* End PBXSourcesBuildPhase section */

/* Begin PBXVariantGroup section */
		4ADD2A4727CFA146001F143C /* Main.storyboard */ = {
			isa = PBXVariantGroup;
			children = (
				4ADD2A4827CFA146001F143C /* Base */,
				4ADD2A9527D12491001F143C /* uk */,
			);
			name = Main.storyboard;
			sourceTree = "<group>";
		};
		4ADD2A4C27CFA147001F143C /* LaunchScreen.storyboard */ = {
			isa = PBXVariantGroup;
			children = (
				4ADD2A4D27CFA147001F143C /* Base */,
				4ADD2A9427D12491001F143C /* uk */,
			);
			name = LaunchScreen.storyboard;
			sourceTree = "<group>";
		};
		4ADD2A9B27D12E4A001F143C /* Localizable.strings */ = {
			isa = PBXVariantGroup;
			children = (
				4ADD2A9A27D12E4A001F143C /* en */,
				4ADD2A9C27D12E4F001F143C /* uk */,
			);
			name = Localizable.strings;
			sourceTree = "<group>";
		};
/* End PBXVariantGroup section */

/* Begin XCBuildConfiguration section */
		4ADD2A5027CFA147001F143C /* Debug */ = {
			isa = XCBuildConfiguration;
			buildSettings = {
				ALWAYS_SEARCH_USER_PATHS = NO;
				CLANG_ANALYZER_LOCALIZABILITY_NONLOCALIZED = YES;
				CLANG_ANALYZER_NONNULL = YES;
				CLANG_ANALYZER_NUMBER_OBJECT_CONVERSION = YES_AGGRESSIVE;
				CLANG_CXX_LANGUAGE_STANDARD = "gnu++14";
				CLANG_CXX_LIBRARY = "libc++";
				CLANG_ENABLE_MODULES = YES;
				CLANG_ENABLE_OBJC_ARC = YES;
				CLANG_ENABLE_OBJC_WEAK = YES;
				CLANG_WARN_BLOCK_CAPTURE_AUTORELEASING = YES;
				CLANG_WARN_BOOL_CONVERSION = YES;
				CLANG_WARN_COMMA = YES;
				CLANG_WARN_CONSTANT_CONVERSION = YES;
				CLANG_WARN_DEPRECATED_OBJC_IMPLEMENTATIONS = YES;
				CLANG_WARN_DIRECT_OBJC_ISA_USAGE = YES_ERROR;
				CLANG_WARN_DOCUMENTATION_COMMENTS = YES;
				CLANG_WARN_EMPTY_BODY = YES;
				CLANG_WARN_ENUM_CONVERSION = YES;
				CLANG_WARN_INFINITE_RECURSION = YES;
				CLANG_WARN_INT_CONVERSION = YES;
				CLANG_WARN_NON_LITERAL_NULL_CONVERSION = YES;
				CLANG_WARN_OBJC_IMPLICIT_RETAIN_SELF = YES;
				CLANG_WARN_OBJC_LITERAL_CONVERSION = YES;
				CLANG_WARN_OBJC_ROOT_CLASS = YES_ERROR;
				CLANG_WARN_QUOTED_INCLUDE_IN_FRAMEWORK_HEADER = YES;
				CLANG_WARN_RANGE_LOOP_ANALYSIS = YES;
				CLANG_WARN_STRICT_PROTOTYPES = YES;
				CLANG_WARN_SUSPICIOUS_MOVE = YES;
				CLANG_WARN_UNGUARDED_AVAILABILITY = YES_AGGRESSIVE;
				CLANG_WARN_UNREACHABLE_CODE = YES;
				CLANG_WARN__DUPLICATE_METHOD_MATCH = YES;
				COPY_PHASE_STRIP = NO;
				DEBUG_INFORMATION_FORMAT = dwarf;
				ENABLE_STRICT_OBJC_MSGSEND = YES;
				ENABLE_TESTABILITY = YES;
				GCC_C_LANGUAGE_STANDARD = gnu11;
				GCC_DYNAMIC_NO_PIC = NO;
				GCC_NO_COMMON_BLOCKS = YES;
				GCC_OPTIMIZATION_LEVEL = 0;
				GCC_PREPROCESSOR_DEFINITIONS = (
					"DEBUG=1",
					"$(inherited)",
				);
				GCC_WARN_64_TO_32_BIT_CONVERSION = YES;
				GCC_WARN_ABOUT_RETURN_TYPE = YES_ERROR;
				GCC_WARN_UNDECLARED_SELECTOR = YES;
				GCC_WARN_UNINITIALIZED_AUTOS = YES_AGGRESSIVE;
				GCC_WARN_UNUSED_FUNCTION = YES;
				GCC_WARN_UNUSED_VARIABLE = YES;
				IPHONEOS_DEPLOYMENT_TARGET = 14.5;
				MTL_ENABLE_DEBUG_INFO = INCLUDE_SOURCE;
				MTL_FAST_MATH = YES;
				ONLY_ACTIVE_ARCH = YES;
				SDKROOT = iphoneos;
				SWIFT_ACTIVE_COMPILATION_CONDITIONS = DEBUG;
				SWIFT_OPTIMIZATION_LEVEL = "-Onone";
			};
			name = Debug;
		};
		4ADD2A5127CFA147001F143C /* Release */ = {
			isa = XCBuildConfiguration;
			buildSettings = {
				ALWAYS_SEARCH_USER_PATHS = NO;
				CLANG_ANALYZER_LOCALIZABILITY_NONLOCALIZED = YES;
				CLANG_ANALYZER_NONNULL = YES;
				CLANG_ANALYZER_NUMBER_OBJECT_CONVERSION = YES_AGGRESSIVE;
				CLANG_CXX_LANGUAGE_STANDARD = "gnu++14";
				CLANG_CXX_LIBRARY = "libc++";
				CLANG_ENABLE_MODULES = YES;
				CLANG_ENABLE_OBJC_ARC = YES;
				CLANG_ENABLE_OBJC_WEAK = YES;
				CLANG_WARN_BLOCK_CAPTURE_AUTORELEASING = YES;
				CLANG_WARN_BOOL_CONVERSION = YES;
				CLANG_WARN_COMMA = YES;
				CLANG_WARN_CONSTANT_CONVERSION = YES;
				CLANG_WARN_DEPRECATED_OBJC_IMPLEMENTATIONS = YES;
				CLANG_WARN_DIRECT_OBJC_ISA_USAGE = YES_ERROR;
				CLANG_WARN_DOCUMENTATION_COMMENTS = YES;
				CLANG_WARN_EMPTY_BODY = YES;
				CLANG_WARN_ENUM_CONVERSION = YES;
				CLANG_WARN_INFINITE_RECURSION = YES;
				CLANG_WARN_INT_CONVERSION = YES;
				CLANG_WARN_NON_LITERAL_NULL_CONVERSION = YES;
				CLANG_WARN_OBJC_IMPLICIT_RETAIN_SELF = YES;
				CLANG_WARN_OBJC_LITERAL_CONVERSION = YES;
				CLANG_WARN_OBJC_ROOT_CLASS = YES_ERROR;
				CLANG_WARN_QUOTED_INCLUDE_IN_FRAMEWORK_HEADER = YES;
				CLANG_WARN_RANGE_LOOP_ANALYSIS = YES;
				CLANG_WARN_STRICT_PROTOTYPES = YES;
				CLANG_WARN_SUSPICIOUS_MOVE = YES;
				CLANG_WARN_UNGUARDED_AVAILABILITY = YES_AGGRESSIVE;
				CLANG_WARN_UNREACHABLE_CODE = YES;
				CLANG_WARN__DUPLICATE_METHOD_MATCH = YES;
				COPY_PHASE_STRIP = NO;
				DEBUG_INFORMATION_FORMAT = "dwarf-with-dsym";
				ENABLE_NS_ASSERTIONS = NO;
				ENABLE_STRICT_OBJC_MSGSEND = YES;
				GCC_C_LANGUAGE_STANDARD = gnu11;
				GCC_NO_COMMON_BLOCKS = YES;
				GCC_WARN_64_TO_32_BIT_CONVERSION = YES;
				GCC_WARN_ABOUT_RETURN_TYPE = YES_ERROR;
				GCC_WARN_UNDECLARED_SELECTOR = YES;
				GCC_WARN_UNINITIALIZED_AUTOS = YES_AGGRESSIVE;
				GCC_WARN_UNUSED_FUNCTION = YES;
				GCC_WARN_UNUSED_VARIABLE = YES;
				IPHONEOS_DEPLOYMENT_TARGET = 14.5;
				MTL_ENABLE_DEBUG_INFO = NO;
				MTL_FAST_MATH = YES;
				SDKROOT = iphoneos;
				SWIFT_COMPILATION_MODE = wholemodule;
				SWIFT_OPTIMIZATION_LEVEL = "-O";
				VALIDATE_PRODUCT = YES;
			};
			name = Release;
		};
		4ADD2A5327CFA147001F143C /* Debug */ = {
			isa = XCBuildConfiguration;
			baseConfigurationReference = E923E0845D6E5C744ADF8680 /* Pods-House.debug.xcconfig */;
			buildSettings = {
				ASSETCATALOG_COMPILER_APPICON_NAME = AppIcon;
				ASSETCATALOG_COMPILER_GLOBAL_ACCENT_COLOR_NAME = AccentColor;
				CODE_SIGN_STYLE = Automatic;
				DEVELOPMENT_TEAM = 95G2CDLKC7;
				INFOPLIST_FILE = House/Info.plist;
				LD_RUNPATH_SEARCH_PATHS = (
					"$(inherited)",
					"@executable_path/Frameworks",
				);
				PRODUCT_BUNDLE_IDENTIFIER = com.ua.guseura.House;
				PRODUCT_NAME = "$(TARGET_NAME)";
				SWIFT_VERSION = 5.0;
				TARGETED_DEVICE_FAMILY = 1;
			};
			name = Debug;
		};
		4ADD2A5427CFA147001F143C /* Release */ = {
			isa = XCBuildConfiguration;
			baseConfigurationReference = 2A9486591A3B32D4D2849373 /* Pods-House.release.xcconfig */;
			buildSettings = {
				ASSETCATALOG_COMPILER_APPICON_NAME = AppIcon;
				ASSETCATALOG_COMPILER_GLOBAL_ACCENT_COLOR_NAME = AccentColor;
				CODE_SIGN_STYLE = Automatic;
				DEVELOPMENT_TEAM = 95G2CDLKC7;
				INFOPLIST_FILE = House/Info.plist;
				LD_RUNPATH_SEARCH_PATHS = (
					"$(inherited)",
					"@executable_path/Frameworks",
				);
				PRODUCT_BUNDLE_IDENTIFIER = com.ua.guseura.House;
				PRODUCT_NAME = "$(TARGET_NAME)";
				SWIFT_VERSION = 5.0;
				TARGETED_DEVICE_FAMILY = 1;
			};
			name = Release;
		};
/* End XCBuildConfiguration section */

/* Begin XCConfigurationList section */
		4ADD2A3927CFA146001F143C /* Build configuration list for PBXProject "House" */ = {
			isa = XCConfigurationList;
			buildConfigurations = (
				4ADD2A5027CFA147001F143C /* Debug */,
				4ADD2A5127CFA147001F143C /* Release */,
			);
			defaultConfigurationIsVisible = 0;
			defaultConfigurationName = Release;
		};
		4ADD2A5227CFA147001F143C /* Build configuration list for PBXNativeTarget "House" */ = {
			isa = XCConfigurationList;
			buildConfigurations = (
				4ADD2A5327CFA147001F143C /* Debug */,
				4ADD2A5427CFA147001F143C /* Release */,
			);
			defaultConfigurationIsVisible = 0;
			defaultConfigurationName = Release;
		};
/* End XCConfigurationList section */

/* Begin XCVersionGroup section */
		4ADD2A8127D116F9001F143C /* House.xcdatamodeld */ = {
			isa = XCVersionGroup;
			children = (
				4ADD2A8227D116F9001F143C /* House.xcdatamodel */,
			);
			currentVersion = 4ADD2A8227D116F9001F143C /* House.xcdatamodel */;
			path = House.xcdatamodeld;
			sourceTree = "<group>";
			versionGroupType = wrapper.xcdatamodel;
		};
/* End XCVersionGroup section */
	};
	rootObject = 4ADD2A3627CFA146001F143C /* Project object */;
}
